
Microsoft Visual Studio Solution File, Format Version 12.00
# Visual Studio Version 16
VisualStudioVersion = 16.0.29102.190
MinimumVisualStudioVersion = 10.0.40219.1
Project("{9A19103F-16F7-4668-BE54-9A1E7A4F7556}") = "Chip8", "CHIP-8\Chip8.csproj", "{CAF5EF76-54D7-4AFF-8DF7-3C077CA97099}"
EndProject
Global
	GlobalSection(SolutionConfigurationPlatforms) = preSolution
		Debug|Any CPU = Debug|Any CPU
		Release|Any CPU = Release|Any CPU
	EndGlobalSection
	GlobalSection(ProjectConfigurationPlatforms) = postSolution
		{CAF5EF76-54D7-4AFF-8DF7-3C077CA97099}.Debug|Any CPU.ActiveCfg = Debug|Any CPU
		{CAF5EF76-54D7-4AFF-8DF7-3C077CA97099}.Debug|Any CPU.Build.0 = Debug|Any CPU
		{CAF5EF76-54D7-4AFF-8DF7-3C077CA97099}.Release|Any CPU.ActiveCfg = Release|Any CPU
		{CAF5EF76-54D7-4AFF-8DF7-3C077CA97099}.Release|Any CPU.Build.0 = Release|Any CPU
	EndGlobalSection
	GlobalSection(SolutionProperties) = preSolution
		HideSolutionNode = FALSE
	EndGlobalSection
	GlobalSection(ExtensibilityGlobals) = postSolution
		SolutionGuid = {B685CF9A-E843-45E8-83D9-8235EC23353D}
	EndGlobalSection
EndGlobal
